
Microsoft Visual Studio Solution File, Format Version 12.00
# Visual Studio Version 16
VisualStudioVersion = 16.0.33423.256
MinimumVisualStudioVersion = 10.0.40219.1
Project("{FAE04EC0-301F-11D3-BF4B-00C04F79EFBC}") = "LTCSDL_pro", "LTCSDL_pro\LTCSDL_pro.csproj", "{2636D3D6-EBBE-4707-9E18-F1AC08B08758}"
EndProject
Global
	GlobalSection(SolutionConfigurationPlatforms) = preSolution
		Debug|Any CPU = Debug|Any CPU
		Release|Any CPU = Release|Any CPU
	EndGlobalSection
	GlobalSection(ProjectConfigurationPlatforms) = postSolution
		{2636D3D6-EBBE-4707-9E18-F1AC08B08758}.Debug|Any CPU.ActiveCfg = Debug|Any CPU
		{2636D3D6-EBBE-4707-9E18-F1AC08B08758}.Debug|Any CPU.Build.0 = Debug|Any CPU
		{2636D3D6-EBBE-4707-9E18-F1AC08B08758}.Release|Any CPU.ActiveCfg = Release|Any CPU
		{2636D3D6-EBBE-4707-9E18-F1AC08B08758}.Release|Any CPU.Build.0 = Release|Any CPU
	EndGlobalSection
	GlobalSection(SolutionProperties) = preSolution
		HideSolutionNode = FALSE
	EndGlobalSection
	GlobalSection(ExtensibilityGlobals) = postSolution
		SolutionGuid = {FAC84386-7833-4687-BBA7-FFF91B6F26C3}
	EndGlobalSection
EndGlobal
